// !$*UTF8*$!
{
	archiveVersion = 1;
	classes = {
	};
	objectVersion = 46;
	objects = {

/* Begin PBXBuildFile section */
		371B616419857C8500CE1BCE /* Foundation.framework in Frameworks */ = {isa = PBXBuildFile; fileRef = 371B616319857C8500CE1BCE /* Foundation.framework */; };
		371B616619857C8500CE1BCE /* CoreGraphics.framework in Frameworks */ = {isa = PBXBuildFile; fileRef = 371B616519857C8500CE1BCE /* CoreGraphics.framework */; };
		371B616819857C8500CE1BCE /* UIKit.framework in Frameworks */ = {isa = PBXBuildFile; fileRef = 371B616719857C8500CE1BCE /* UIKit.framework */; };
		371B616E19857C8500CE1BCE /* InfoPlist.strings in Resources */ = {isa = PBXBuildFile; fileRef = 371B616C19857C8500CE1BCE /* InfoPlist.strings */; };
		371B617019857C8500CE1BCE /* main.m in Sources */ = {isa = PBXBuildFile; fileRef = 371B616F19857C8500CE1BCE /* main.m */; };
		371B617419857C8500CE1BCE /* AppDelegate.m in Sources */ = {isa = PBXBuildFile; fileRef = 371B617319857C8500CE1BCE /* AppDelegate.m */; };
		371B617719857C8500CE1BCE /* Main.storyboard in Resources */ = {isa = PBXBuildFile; fileRef = 371B617519857C8500CE1BCE /* Main.storyboard */; };
		371B617A19857C8500CE1BCE /* ViewController.m in Sources */ = {isa = PBXBuildFile; fileRef = 371B617919857C8500CE1BCE /* ViewController.m */; };
		371B617C19857C8500CE1BCE /* Images.xcassets in Resources */ = {isa = PBXBuildFile; fileRef = 371B617B19857C8500CE1BCE /* Images.xcassets */; };
		371B618319857C8500CE1BCE /* XCTest.framework in Frameworks */ = {isa = PBXBuildFile; fileRef = 371B618219857C8500CE1BCE /* XCTest.framework */; };
		371B618419857C8500CE1BCE /* Foundation.framework in Frameworks */ = {isa = PBXBuildFile; fileRef = 371B616319857C8500CE1BCE /* Foundation.framework */; };
		371B618519857C8500CE1BCE /* UIKit.framework in Frameworks */ = {isa = PBXBuildFile; fileRef = 371B616719857C8500CE1BCE /* UIKit.framework */; };
		371B618D19857C8500CE1BCE /* InfoPlist.strings in Resources */ = {isa = PBXBuildFile; fileRef = 371B618B19857C8500CE1BCE /* InfoPlist.strings */; };
		371B618F19857C8500CE1BCE /* housecalls_trial_appTests.m in Sources */ = {isa = PBXBuildFile; fileRef = 371B618E19857C8500CE1BCE /* housecalls_trial_appTests.m */; };
/* End PBXBuildFile section */

/* Begin PBXContainerItemProxy section */
		371B618619857C8500CE1BCE /* PBXContainerItemProxy */ = {
			isa = PBXContainerItemProxy;
			containerPortal = 371B615819857C8500CE1BCE /* Project object */;
			proxyType = 1;
			remoteGlobalIDString = 371B615F19857C8500CE1BCE;
			remoteInfo = "housecalls trial app";
		};
/* End PBXContainerItemProxy section */

/* Begin PBXFileReference section */
		371B616019857C8500CE1BCE /* housecalls trial app.app */ = {isa = PBXFileReference; explicitFileType = wrapper.application; includeInIndex = 0; path = "housecalls trial app.app"; sourceTree = BUILT_PRODUCTS_DIR; };
		371B616319857C8500CE1BCE /* Foundation.framework */ = {isa = PBXFileReference; lastKnownFileType = wrapper.framework; name = Foundation.framework; path = System/Library/Frameworks/Foundation.framework; sourceTree = SDKROOT; };
		371B616519857C8500CE1BCE /* CoreGraphics.framework */ = {isa = PBXFileReference; lastKnownFileType = wrapper.framework; name = CoreGraphics.framework; path = System/Library/Frameworks/CoreGraphics.framework; sourceTree = SDKROOT; };
		371B616719857C8500CE1BCE /* UIKit.framework */ = {isa = PBXFileReference; lastKnownFileType = wrapper.framework; name = UIKit.framework; path = System/Library/Frameworks/UIKit.framework; sourceTree = SDKROOT; };
		371B616B19857C8500CE1BCE /* housecalls trial app-Info.plist */ = {isa = PBXFileReference; lastKnownFileType = text.plist.xml; path = "housecalls trial app-Info.plist"; sourceTree = "<group>"; };
		371B616D19857C8500CE1BCE /* en */ = {isa = PBXFileReference; lastKnownFileType = text.plist.strings; name = en; path = en.lproj/InfoPlist.strings; sourceTree = "<group>"; };
		371B616F19857C8500CE1BCE /* main.m */ = {isa = PBXFileReference; lastKnownFileType = sourcecode.c.objc; path = main.m; sourceTree = "<group>"; };
		371B617119857C8500CE1BCE /* housecalls trial app-Prefix.pch */ = {isa = PBXFileReference; lastKnownFileType = sourcecode.c.h; path = "housecalls trial app-Prefix.pch"; sourceTree = "<group>"; };
		371B617219857C8500CE1BCE /* AppDelegate.h */ = {isa = PBXFileReference; lastKnownFileType = sourcecode.c.h; path = AppDelegate.h; sourceTree = "<group>"; };
		371B617319857C8500CE1BCE /* AppDelegate.m */ = {isa = PBXFileReference; lastKnownFileType = sourcecode.c.objc; path = AppDelegate.m; sourceTree = "<group>"; };
		371B617619857C8500CE1BCE /* Base */ = {isa = PBXFileReference; lastKnownFileType = file.storyboard; name = Base; path = Base.lproj/Main.storyboard; sourceTree = "<group>"; };
		371B617819857C8500CE1BCE /* ViewController.h */ = {isa = PBXFileReference; lastKnownFileType = sourcecode.c.h; path = ViewController.h; sourceTree = "<group>"; };
		371B617919857C8500CE1BCE /* ViewController.m */ = {isa = PBXFileReference; lastKnownFileType = sourcecode.c.objc; path = ViewController.m; sourceTree = "<group>"; };
		371B617B19857C8500CE1BCE /* Images.xcassets */ = {isa = PBXFileReference; lastKnownFileType = folder.assetcatalog; path = Images.xcassets; sourceTree = "<group>"; };
		371B618119857C8500CE1BCE /* housecalls trial appTests.xctest */ = {isa = PBXFileReference; explicitFileType = wrapper.cfbundle; includeInIndex = 0; path = "housecalls trial appTests.xctest"; sourceTree = BUILT_PRODUCTS_DIR; };
		371B618219857C8500CE1BCE /* XCTest.framework */ = {isa = PBXFileReference; lastKnownFileType = wrapper.framework; name = XCTest.framework; path = Library/Frameworks/XCTest.framework; sourceTree = DEVELOPER_DIR; };
		371B618A19857C8500CE1BCE /* housecalls trial appTests-Info.plist */ = {isa = PBXFileReference; lastKnownFileType = text.plist.xml; path = "housecalls trial appTests-Info.plist"; sourceTree = "<group>"; };
		371B618C19857C8500CE1BCE /* en */ = {isa = PBXFileReference; lastKnownFileType = text.plist.strings; name = en; path = en.lproj/InfoPlist.strings; sourceTree = "<group>"; };
		371B618E19857C8500CE1BCE /* housecalls_trial_appTests.m */ = {isa = PBXFileReference; lastKnownFileType = sourcecode.c.objc; path = housecalls_trial_appTests.m; sourceTree = "<group>"; };
/* End PBXFileReference section */

/* Begin PBXFrameworksBuildPhase section */
		371B615D19857C8500CE1BCE /* Frameworks */ = {
			isa = PBXFrameworksBuildPhase;
			buildActionMask = 2147483647;
			files = (
				371B616619857C8500CE1BCE /* CoreGraphics.framework in Frameworks */,
				371B616819857C8500CE1BCE /* UIKit.framework in Frameworks */,
				371B616419857C8500CE1BCE /* Foundation.framework in Frameworks */,
			);
			runOnlyForDeploymentPostprocessing = 0;
		};
		371B617E19857C8500CE1BCE /* Frameworks */ = {
			isa = PBXFrameworksBuildPhase;
			buildActionMask = 2147483647;
			files = (
				371B618319857C8500CE1BCE /* XCTest.framework in Frameworks */,
				371B618519857C8500CE1BCE /* UIKit.framework in Frameworks */,
				371B618419857C8500CE1BCE /* Foundation.framework in Frameworks */,
			);
			runOnlyForDeploymentPostprocessing = 0;
		};
/* End PBXFrameworksBuildPhase section */

/* Begin PBXGroup section */
		371B615719857C8500CE1BCE = {
			isa = PBXGroup;
			children = (
				371B616919857C8500CE1BCE /* housecalls trial app */,
				371B618819857C8500CE1BCE /* housecalls trial appTests */,
				371B616219857C8500CE1BCE /* Frameworks */,
				371B616119857C8500CE1BCE /* Products */,
			);
			sourceTree = "<group>";
		};
		371B616119857C8500CE1BCE /* Products */ = {
			isa = PBXGroup;
			children = (
				371B616019857C8500CE1BCE /* housecalls trial app.app */,
				371B618119857C8500CE1BCE /* housecalls trial appTests.xctest */,
			);
			name = Products;
			sourceTree = "<group>";
		};
		371B616219857C8500CE1BCE /* Frameworks */ = {
			isa = PBXGroup;
			children = (
				371B616319857C8500CE1BCE /* Foundation.framework */,
				371B616519857C8500CE1BCE /* CoreGraphics.framework */,
				371B616719857C8500CE1BCE /* UIKit.framework */,
				371B618219857C8500CE1BCE /* XCTest.framework */,
			);
			name = Frameworks;
			sourceTree = "<group>";
		};
		371B616919857C8500CE1BCE /* housecalls trial app */ = {
			isa = PBXGroup;
			children = (
				371B617219857C8500CE1BCE /* AppDelegate.h */,
				371B617319857C8500CE1BCE /* AppDelegate.m */,
				371B617519857C8500CE1BCE /* Main.storyboard */,
				371B617819857C8500CE1BCE /* ViewController.h */,
				371B617919857C8500CE1BCE /* ViewController.m */,
				371B617B19857C8500CE1BCE /* Images.xcassets */,
				371B616A19857C8500CE1BCE /* Supporting Files */,
			);
			path = "housecalls trial app";
			sourceTree = "<group>";
		};
		371B616A19857C8500CE1BCE /* Supporting Files */ = {
			isa = PBXGroup;
			children = (
				371B616B19857C8500CE1BCE /* housecalls trial app-Info.plist */,
				371B616C19857C8500CE1BCE /* InfoPlist.strings */,
				371B616F19857C8500CE1BCE /* main.m */,
				371B617119857C8500CE1BCE /* housecalls trial app-Prefix.pch */,
			);
			name = "Supporting Files";
			sourceTree = "<group>";
		};
		371B618819857C8500CE1BCE /* housecalls trial appTests */ = {
			isa = PBXGroup;
			children = (
				371B618E19857C8500CE1BCE /* housecalls_trial_appTests.m */,
				371B618919857C8500CE1BCE /* Supporting Files */,
			);
			path = "housecalls trial appTests";
			sourceTree = "<group>";
		};
		371B618919857C8500CE1BCE /* Supporting Files */ = {
			isa = PBXGroup;
			children = (
				371B618A19857C8500CE1BCE /* housecalls trial appTests-Info.plist */,
				371B618B19857C8500CE1BCE /* InfoPlist.strings */,
			);
			name = "Supporting Files";
			sourceTree = "<group>";
		};
/* End PBXGroup section */

/* Begin PBXNativeTarget section */
		371B615F19857C8500CE1BCE /* housecalls trial app */ = {
			isa = PBXNativeTarget;
			buildConfigurationList = 371B619219857C8500CE1BCE /* Build configuration list for PBXNativeTarget "housecalls trial app" */;
			buildPhases = (
				371B615C19857C8500CE1BCE /* Sources */,
				371B615D19857C8500CE1BCE /* Frameworks */,
				371B615E19857C8500CE1BCE /* Resources */,
			);
			buildRules = (
			);
			dependencies = (
			);
			name = "housecalls trial app";
			productName = "housecalls trial app";
			productReference = 371B616019857C8500CE1BCE /* housecalls trial app.app */;
			productType = "com.apple.product-type.application";
		};
		371B618019857C8500CE1BCE /* housecalls trial appTests */ = {
			isa = PBXNativeTarget;
			buildConfigurationList = 371B619519857C8500CE1BCE /* Build configuration list for PBXNativeTarget "housecalls trial appTests" */;
			buildPhases = (
				371B617D19857C8500CE1BCE /* Sources */,
				371B617E19857C8500CE1BCE /* Frameworks */,
				371B617F19857C8500CE1BCE /* Resources */,
			);
			buildRules = (
			);
			dependencies = (
				371B618719857C8500CE1BCE /* PBXTargetDependency */,
			);
			name = "housecalls trial appTests";
			productName = "housecalls trial appTests";
			productReference = 371B618119857C8500CE1BCE /* housecalls trial appTests.xctest */;
			productType = "com.apple.product-type.bundle.unit-test";
		};
/* End PBXNativeTarget section */

/* Begin PBXProject section */
		371B615819857C8500CE1BCE /* Project object */ = {
			isa = PBXProject;
			attributes = {
				LastUpgradeCheck = 0510;
				ORGANIZATIONNAME = "___Weissbluth Pediatrics___";
				TargetAttributes = {
					371B618019857C8500CE1BCE = {
						TestTargetID = 371B615F19857C8500CE1BCE;
					};
				};
			};
			buildConfigurationList = 371B615B19857C8500CE1BCE /* Build configuration list for PBXProject "housecalls trial app" */;
			compatibilityVersion = "Xcode 3.2";
			developmentRegion = English;
			hasScannedForEncodings = 0;
			knownRegions = (
				en,
				Base,
			);
			mainGroup = 371B615719857C8500CE1BCE;
			productRefGroup = 371B616119857C8500CE1BCE /* Products */;
			projectDirPath = "";
			projectRoot = "";
			targets = (
				371B615F19857C8500CE1BCE /* housecalls trial app */,
				371B618019857C8500CE1BCE /* housecalls trial appTests */,
			);
		};
/* End PBXProject section */

/* Begin PBXResourcesBuildPhase section */
		371B615E19857C8500CE1BCE /* Resources */ = {
			isa = PBXResourcesBuildPhase;
			buildActionMask = 2147483647;
			files = (
				371B617C19857C8500CE1BCE /* Images.xcassets in Resources */,
				371B616E19857C8500CE1BCE /* InfoPlist.strings in Resources */,
				371B617719857C8500CE1BCE /* Main.storyboard in Resources */,
			);
			runOnlyForDeploymentPostprocessing = 0;
		};
		371B617F19857C8500CE1BCE /* Resources */ = {
			isa = PBXResourcesBuildPhase;
			buildActionMask = 2147483647;
			files = (
				371B618D19857C8500CE1BCE /* InfoPlist.strings in Resources */,
			);
			runOnlyForDeploymentPostprocessing = 0;
		};
/* End PBXResourcesBuildPhase section */

/* Begin PBXSourcesBuildPhase section */
		371B615C19857C8500CE1BCE /* Sources */ = {
			isa = PBXSourcesBuildPhase;
			buildActionMask = 2147483647;
			files = (
				371B617A19857C8500CE1BCE /* ViewController.m in Sources */,
				371B617419857C8500CE1BCE /* AppDelegate.m in Sources */,
				371B617019857C8500CE1BCE /* main.m in Sources */,
			);
			runOnlyForDeploymentPostprocessing = 0;
		};
		371B617D19857C8500CE1BCE /* Sources */ = {
			isa = PBXSourcesBuildPhase;
			buildActionMask = 2147483647;
			files = (
				371B618F19857C8500CE1BCE /* housecalls_trial_appTests.m in Sources */,
			);
			runOnlyForDeploymentPostprocessing = 0;
		};
/* End PBXSourcesBuildPhase section */

/* Begin PBXTargetDependency section */
		371B618719857C8500CE1BCE /* PBXTargetDependency */ = {
			isa = PBXTargetDependency;
			target = 371B615F19857C8500CE1BCE /* housecalls trial app */;
			targetProxy = 371B618619857C8500CE1BCE /* PBXContainerItemProxy */;
		};
/* End PBXTargetDependency section */

/* Begin PBXVariantGroup section */
		371B616C19857C8500CE1BCE /* InfoPlist.strings */ = {
			isa = PBXVariantGroup;
			children = (
				371B616D19857C8500CE1BCE /* en */,
			);
			name = InfoPlist.strings;
			sourceTree = "<group>";
		};
		371B617519857C8500CE1BCE /* Main.storyboard */ = {
			isa = PBXVariantGroup;
			children = (
				371B617619857C8500CE1BCE /* Base */,
			);
			name = Main.storyboard;
			sourceTree = "<group>";
		};
		371B618B19857C8500CE1BCE /* InfoPlist.strings */ = {
			isa = PBXVariantGroup;
			children = (
				371B618C19857C8500CE1BCE /* en */,
			);
			name = InfoPlist.strings;
			sourceTree = "<group>";
		};
/* End PBXVariantGroup section */

/* Begin XCBuildConfiguration section */
		371B619019857C8500CE1BCE /* Debug */ = {
			isa = XCBuildConfiguration;
			buildSettings = {
				ALWAYS_SEARCH_USER_PATHS = NO;
				CLANG_CXX_LANGUAGE_STANDARD = "gnu++0x";
				CLANG_CXX_LIBRARY = "libc++";
				CLANG_ENABLE_MODULES = YES;
				CLANG_ENABLE_OBJC_ARC = YES;
				CLANG_WARN_BOOL_CONVERSION = YES;
				CLANG_WARN_CONSTANT_CONVERSION = YES;
				CLANG_WARN_DIRECT_OBJC_ISA_USAGE = YES_ERROR;
				CLANG_WARN_EMPTY_BODY = YES;
				CLANG_WARN_ENUM_CONVERSION = YES;
				CLANG_WARN_INT_CONVERSION = YES;
				CLANG_WARN_OBJC_ROOT_CLASS = YES_ERROR;
				CLANG_WARN__DUPLICATE_METHOD_MATCH = YES;
				"CODE_SIGN_IDENTITY[sdk=iphoneos*]" = "iPhone Developer";
				COPY_PHASE_STRIP = NO;
				GCC_C_LANGUAGE_STANDARD = gnu99;
				GCC_DYNAMIC_NO_PIC = NO;
				GCC_OPTIMIZATION_LEVEL = 0;
				GCC_PREPROCESSOR_DEFINITIONS = (
					"DEBUG=1",
					"$(inherited)",
				);
				GCC_SYMBOLS_PRIVATE_EXTERN = NO;
				GCC_WARN_64_TO_32_BIT_CONVERSION = YES;
				GCC_WARN_ABOUT_RETURN_TYPE = YES_ERROR;
				GCC_WARN_UNDECLARED_SELECTOR = YES;
				GCC_WARN_UNINITIALIZED_AUTOS = YES_AGGRESSIVE;
				GCC_WARN_UNUSED_FUNCTION = YES;
				GCC_WARN_UNUSED_VARIABLE = YES;
				IPHONEOS_DEPLOYMENT_TARGET = 7.1;
				ONLY_ACTIVE_ARCH = YES;
				SDKROOT = iphoneos;
			};
			name = Debug;
		};
		371B619119857C8500CE1BCE /* Release */ = {
			isa = XCBuildConfiguration;
			buildSettings = {
				ALWAYS_SEARCH_USER_PATHS = NO;
				CLANG_CXX_LANGUAGE_STANDARD = "gnu++0x";
				CLANG_CXX_LIBRARY = "libc++";
				CLANG_ENABLE_MODULES = YES;
				CLANG_ENABLE_OBJC_ARC = YES;
				CLANG_WARN_BOOL_CONVERSION = YES;
				CLANG_WARN_CONSTANT_CONVERSION = YES;
				CLANG_WARN_DIRECT_OBJC_ISA_USAGE = YES_ERROR;
				CLANG_WARN_EMPTY_BODY = YES;
				CLANG_WARN_ENUM_CONVERSION = YES;
				CLANG_WARN_INT_CONVERSION = YES;
				CLANG_WARN_OBJC_ROOT_CLASS = YES_ERROR;
				CLANG_WARN__DUPLICATE_METHOD_MATCH = YES;
				"CODE_SIGN_IDENTITY[sdk=iphoneos*]" = "iPhone Developer";
				COPY_PHASE_STRIP = YES;
				ENABLE_NS_ASSERTIONS = NO;
				GCC_C_LANGUAGE_STANDARD = gnu99;
				GCC_WARN_64_TO_32_BIT_CONVERSION = YES;
				GCC_WARN_ABOUT_RETURN_TYPE = YES_ERROR;
				GCC_WARN_UNDECLARED_SELECTOR = YES;
				GCC_WARN_UNINITIALIZED_AUTOS = YES_AGGRESSIVE;
				GCC_WARN_UNUSED_FUNCTION = YES;
				GCC_WARN_UNUSED_VARIABLE = YES;
				IPHONEOS_DEPLOYMENT_TARGET = 7.1;
				SDKROOT = iphoneos;
				VALIDATE_PRODUCT = YES;
			};
			name = Release;
		};
		371B619319857C8500CE1BCE /* Debug */ = {
			isa = XCBuildConfiguration;
			buildSettings = {
				ASSETCATALOG_COMPILER_APPICON_NAME = AppIcon;
				ASSETCATALOG_COMPILER_LAUNCHIMAGE_NAME = LaunchImage;
				GCC_PRECOMPILE_PREFIX_HEADER = YES;
				GCC_PREFIX_HEADER = "housecalls trial app/housecalls trial app-Prefix.pch";
				INFOPLIST_FILE = "housecalls trial app/housecalls trial app-Info.plist";
				PRODUCT_NAME = "$(TARGET_NAME)";
				WRAPPER_EXTENSION = app;
			};
			name = Debug;
		};
		371B619419857C8500CE1BCE /* Release */ = {
			isa = XCBuildConfiguration;
			buildSettings = {
				ASSETCATALOG_COMPILER_APPICON_NAME = AppIcon;
				ASSETCATALOG_COMPILER_LAUNCHIMAGE_NAME = LaunchImage;
				GCC_PRECOMPILE_PREFIX_HEADER = YES;
				GCC_PREFIX_HEADER = "housecalls trial app/housecalls trial app-Prefix.pch";
				INFOPLIST_FILE = "housecalls trial app/housecalls trial app-Info.plist";
				PRODUCT_NAME = "$(TARGET_NAME)";
				WRAPPER_EXTENSION = app;
			};
			name = Release;
		};
		371B619619857C8500CE1BCE /* Debug */ = {
			isa = XCBuildConfiguration;
			buildSettings = {
				BUNDLE_LOADER = "$(BUILT_PRODUCTS_DIR)/housecalls trial app.app/housecalls trial app";
				FRAMEWORK_SEARCH_PATHS = (
					"$(SDKROOT)/Developer/Library/Frameworks",
					"$(inherited)",
					"$(DEVELOPER_FRAMEWORKS_DIR)",
				);
				GCC_PRECOMPILE_PREFIX_HEADER = YES;
				GCC_PREFIX_HEADER = "housecalls trial app/housecalls trial app-Prefix.pch";
				GCC_PREPROCESSOR_DEFINITIONS = (
					"DEBUG=1",
					"$(inherited)",
				);
				INFOPLIST_FILE = "housecalls trial appTests/housecalls trial appTests-Info.plist";
				PRODUCT_NAME = "$(TARGET_NAME)";
				TEST_HOST = "$(BUNDLE_LOADER)";
				WRAPPER_EXTENSION = xctest;
			};
			name = Debug;
		};
		371B619719857C8500CE1BCE /* Release */ = {
			isa = XCBuildConfiguration;
			buildSettings = {
				BUNDLE_LOADER = "$(BUILT_PRODUCTS_DIR)/housecalls trial app.app/housecalls trial app";
				FRAMEWORK_SEARCH_PATHS = (
					"$(SDKROOT)/Developer/Library/Frameworks",
					"$(inherited)",
					"$(DEVELOPER_FRAMEWORKS_DIR)",
				);
				GCC_PRECOMPILE_PREFIX_HEADER = YES;
				GCC_PREFIX_HEADER = "housecalls trial app/housecalls trial app-Prefix.pch";
				INFOPLIST_FILE = "housecalls trial appTests/housecalls trial appTests-Info.plist";
				PRODUCT_NAME = "$(TARGET_NAME)";
				TEST_HOST = "$(BUNDLE_LOADER)";
				WRAPPER_EXTENSION = xctest;
			};
			name = Release;
		};
/* End XCBuildConfiguration section */

/* Begin XCConfigurationList section */
		371B615B19857C8500CE1BCE /* Build configuration list for PBXProject "housecalls trial app" */ = {
			isa = XCConfigurationList;
			buildConfigurations = (
				371B619019857C8500CE1BCE /* Debug */,
				371B619119857C8500CE1BCE /* Release */,
			);
			defaultConfigurationIsVisible = 0;
			defaultConfigurationName = Release;
		};
		371B619219857C8500CE1BCE /* Build configuration list for PBXNativeTarget "housecalls trial app" */ = {
			isa = XCConfigurationList;
			buildConfigurations = (
				371B619319857C8500CE1BCE /* Debug */,
				371B619419857C8500CE1BCE /* Release */,
			);
			defaultConfigurationIsVisible = 0;
		};
		371B619519857C8500CE1BCE /* Build configuration list for PBXNativeTarget "housecalls trial appTests" */ = {
			isa = XCConfigurationList;
			buildConfigurations = (
				371B619619857C8500CE1BCE /* Debug */,
				371B619719857C8500CE1BCE /* Release */,
			);
			defaultConfigurationIsVisible = 0;
		};
/* End XCConfigurationList section */
	};
	rootObject = 371B615819857C8500CE1BCE /* Project object */;
}
